
Microsoft Visual Studio Solution File, Format Version 12.00
# Visual Studio 14
VisualStudioVersion = 14.0.25420.1
MinimumVisualStudioVersion = 10.0.40219.1
Project("{FAE04EC0-301F-11D3-BF4B-00C04F79EFBC}") = "MyShop.Core", "MyShop.Core\MyShop.Core.csproj", "{40F06E48-E857-4319-AA9A-A0313D5EBE6D}"
EndProject
Project("{FAE04EC0-301F-11D3-BF4B-00C04F79EFBC}") = "MyShop.Services", "MyShop.Services\MyShop.Services.csproj", "{5C2B8140-1CA1-4074-9F1D-BDE8B826EE90}"
EndProject
Project("{FAE04EC0-301F-11D3-BF4B-00C04F79EFBC}") = "MyShop.DataAccess.SQL", "MyShop.DataAccess.SQL\MyShop.DataAccess.SQL.csproj", "{C5B05E82-ADD2-4F3E-895D-1A7CE851B82E}"
EndProject
Project("{FAE04EC0-301F-11D3-BF4B-00C04F79EFBC}") = "MyShop.DataAccess.InMemory", "MyShop.DataAccess.InMemory\MyShop.DataAccess.InMemory.csproj", "{C8CD2209-CAE9-4D35-B055-ABD5F90978E1}"
EndProject
Project("{FAE04EC0-301F-11D3-BF4B-00C04F79EFBC}") = "MyShop.WebUI", "MyShop.WebUI\MyShop.WebUI.csproj", "{1924B7CB-9B46-4B8B-B225-364F4C287134}"
EndProject
Project("{FAE04EC0-301F-11D3-BF4B-00C04F79EFBC}") = "MyShop.WebUI.Tests", "MyShop.WebUI.Tests\MyShop.WebUI.Tests.csproj", "{ED32D010-4151-48D8-A15D-B1F0ACA3DD34}"
EndProject
Global
	GlobalSection(SolutionConfigurationPlatforms) = preSolution
		Debug|Any CPU = Debug|Any CPU
		Release|Any CPU = Release|Any CPU
	EndGlobalSection
	GlobalSection(ProjectConfigurationPlatforms) = postSolution
		{40F06E48-E857-4319-AA9A-A0313D5EBE6D}.Debug|Any CPU.ActiveCfg = Debug|Any CPU
		{40F06E48-E857-4319-AA9A-A0313D5EBE6D}.Debug|Any CPU.Build.0 = Debug|Any CPU
		{40F06E48-E857-4319-AA9A-A0313D5EBE6D}.Release|Any CPU.ActiveCfg = Release|Any CPU
		{40F06E48-E857-4319-AA9A-A0313D5EBE6D}.Release|Any CPU.Build.0 = Release|Any CPU
		{5C2B8140-1CA1-4074-9F1D-BDE8B826EE90}.Debug|Any CPU.ActiveCfg = Debug|Any CPU
		{5C2B8140-1CA1-4074-9F1D-BDE8B826EE90}.Debug|Any CPU.Build.0 = Debug|Any CPU
		{5C2B8140-1CA1-4074-9F1D-BDE8B826EE90}.Release|Any CPU.ActiveCfg = Release|Any CPU
		{5C2B8140-1CA1-4074-9F1D-BDE8B826EE90}.Release|Any CPU.Build.0 = Release|Any CPU
		{C5B05E82-ADD2-4F3E-895D-1A7CE851B82E}.Debug|Any CPU.ActiveCfg = Debug|Any CPU
		{C5B05E82-ADD2-4F3E-895D-1A7CE851B82E}.Debug|Any CPU.Build.0 = Debug|Any CPU
		{C5B05E82-ADD2-4F3E-895D-1A7CE851B82E}.Release|Any CPU.ActiveCfg = Release|Any CPU
		{C5B05E82-ADD2-4F3E-895D-1A7CE851B82E}.Release|Any CPU.Build.0 = Release|Any CPU
		{C8CD2209-CAE9-4D35-B055-ABD5F90978E1}.Debug|Any CPU.ActiveCfg = Debug|Any CPU
		{C8CD2209-CAE9-4D35-B055-ABD5F90978E1}.Debug|Any CPU.Build.0 = Debug|Any CPU
		{C8CD2209-CAE9-4D35-B055-ABD5F90978E1}.Release|Any CPU.ActiveCfg = Release|Any CPU
		{C8CD2209-CAE9-4D35-B055-ABD5F90978E1}.Release|Any CPU.Build.0 = Release|Any CPU
		{1924B7CB-9B46-4B8B-B225-364F4C287134}.Debug|Any CPU.ActiveCfg = Debug|Any CPU
		{1924B7CB-9B46-4B8B-B225-364F4C287134}.Debug|Any CPU.Build.0 = Debug|Any CPU
		{1924B7CB-9B46-4B8B-B225-364F4C287134}.Release|Any CPU.ActiveCfg = Release|Any CPU
		{1924B7CB-9B46-4B8B-B225-364F4C287134}.Release|Any CPU.Build.0 = Release|Any CPU
		{ED32D010-4151-48D8-A15D-B1F0ACA3DD34}.Debug|Any CPU.ActiveCfg = Debug|Any CPU
		{ED32D010-4151-48D8-A15D-B1F0ACA3DD34}.Debug|Any CPU.Build.0 = Debug|Any CPU
		{ED32D010-4151-48D8-A15D-B1F0ACA3DD34}.Release|Any CPU.ActiveCfg = Release|Any CPU
		{ED32D010-4151-48D8-A15D-B1F0ACA3DD34}.Release|Any CPU.Build.0 = Release|Any CPU
	EndGlobalSection
	GlobalSection(SolutionProperties) = preSolution
		HideSolutionNode = FALSE
	EndGlobalSection
EndGlobal
